{
  "name": "integrity-test-drift",
  "version": "1.0.0",
  "lockfileVersion": 3,
  "requires": true,
  "packages": {
    "": {
      "name": "integrity-test-drift",
      "version": "1.0.0",
      "dependencies": {
        "stable-dep": "8.20.1"
      }
    },
    "node_modules/stable-dep": {
      "version": "8.20.0",
      "resolved": "https://registry.npmjs.org/stable-dep/-/stable-dep-8.20.0.tgz",
      "integrity": "sha512-AAAAAAAAAAAAAAAAAAAAAAAAAAAAAAAAAAAAAAAAAAAAAAAAAAAAAAAAAAAAAAAAAAAAAAAAAAAAAAAAAAAAAAAA=="
    }
  }
}
