{
  "name": "integrity-test-extraneous",
  "version": "1.0.0",
  "lockfileVersion": 3,
  "requires": true,
  "packages": {
    "": {
      "name": "integrity-test-extraneous",
      "version": "1.0.0",
      "dependencies": {
        "legit-dep": "1.0.0"
      }
    },
    "node_modules/legit-dep": {
      "version": "1.0.0",
      "resolved": "https://registry.npmjs.org/legit-dep/-/legit-dep-1.0.0.tgz",
      "integrity": "sha512-AAAAAAAAAAAAAAAAAAAAAAAAAAAAAAAAAAAAAAAAAAAAAAAAAAAAAAAAAAAAAAAAAAAAAAAAAAAAAAAAAAAAAAAA=="
    },
    "node_modules/ghost-pkg": {
      "version": "3.0.0",
      "resolved": "https://registry.npmjs.org/ghost-pkg/-/ghost-pkg-3.0.0.tgz",
      "integrity": "sha512-BBBBBBBBBBBBBBBBBBBBBBBBBBBBBBBBBBBBBBBBBBBBBBBBBBBBBBBBBBBBBBBBBBBBBBBBBBBBBBBBBBBBBBBBBB==",
      "extraneous": true
    }
  }
}
