{
  "name": "integrity-test-clean",
  "version": "1.0.0",
  "lockfileVersion": 3,
  "requires": true,
  "packages": {
    "": {
      "name": "integrity-test-clean",
      "version": "1.0.0",
      "dependencies": {
        "stable-dep": "2.3.1"
      }
    },
    "node_modules/stable-dep": {
      "version": "2.3.1",
      "resolved": "https://registry.npmjs.org/stable-dep/-/stable-dep-2.3.1.tgz",
      "integrity": "sha512-AAAAAAAAAAAAAAAAAAAAAAAAAAAAAAAAAAAAAAAAAAAAAAAAAAAAAAAAAAAAAAAAAAAAAAAAAAAAAAAAAAAAAAAA=="
    }
  }
}
